# This file is automatically @generated by Cargo.
# It is not intended for manual editing.
version = 3

[[package]]
name = "actix-ws"
version = "0.1.0"
dependencies = [
 "domains",
]

[[package]]
name = "axum-ws"
version = "0.1.0"

[[package]]
name = "domains"
version = "0.1.0"

[[package]]
name = "rust-webservice-study"
version = "0.1.0"

[[package]]
name = "warp-ws"
version = "0.1.0"
